{
  "version": 4,
  "terraform_version": "0.13.0",
  "serial": 8,
  "lineage": "20cd1369-7aff-84fa-874a-7c1fb25d2a2e",
  "outputs": {},
  "resources": [
    {
      "mode": "managed",
      "type": "digitalocean_vpc",
      "name": "public",
      "provider": "provider[\"registry.terraform.io/terraform-providers/digitalocean\"]",
      "instances": [
        {
          "schema_version": 0,
          "attributes": {
            "created_at": "2020-08-21 22:14:33 +0000 UTC",
            "default": true,
            "description": "",
            "id": "3d707d1e-6dc9-4ab4-869a-ec4bfe343770",
            "ip_range": "10.108.0.0/20",
            "name": "default-nyc3",
            "region": "nyc3",
            "timeouts": null,
            "urn": "do:vpc:3d707d1e-6dc9-4ab4-869a-ec4bfe343770"
          }
        }
      ]
    }
  ]
}
